
Microsoft Visual Studio Solution File, Format Version 12.00
# Visual Studio Version 16
VisualStudioVersion = 16.0.31729.503
MinimumVisualStudioVersion = 10.0.40219.1
Project("{9A19103F-16F7-4668-BE54-9A1E7A4F7556}") = "SalesManagement", "SalesManagement.csproj", "{B35CCBBB-7037-40BC-903C-677120A20128}"
EndProject
Global
	GlobalSection(SolutionConfigurationPlatforms) = preSolution
		Debug|Any CPU = Debug|Any CPU
		Release|Any CPU = Release|Any CPU
	EndGlobalSection
	GlobalSection(ProjectConfigurationPlatforms) = postSolution
		{B35CCBBB-7037-40BC-903C-677120A20128}.Debug|Any CPU.ActiveCfg = Debug|Any CPU
		{B35CCBBB-7037-40BC-903C-677120A20128}.Debug|Any CPU.Build.0 = Debug|Any CPU
		{B35CCBBB-7037-40BC-903C-677120A20128}.Release|Any CPU.ActiveCfg = Release|Any CPU
		{B35CCBBB-7037-40BC-903C-677120A20128}.Release|Any CPU.Build.0 = Release|Any CPU
	EndGlobalSection
	GlobalSection(SolutionProperties) = preSolution
		HideSolutionNode = FALSE
	EndGlobalSection
	GlobalSection(ExtensibilityGlobals) = postSolution
		SolutionGuid = {D4F40E81-B214-40FE-9DAE-979BD27A7A5B}
	EndGlobalSection
EndGlobal
